# This file is automatically @generated by Cargo.
# It is not intended for manual editing.
version = 3

[[package]]
name = "internal-helpers"
version = "0.3.1"
source = "git+https://github.com/example/internal-helpers.git?branch=main#9f8e7d6c5b4a3928170615243342516069788899"

[[package]]
name = "itoa"
version = "1.0.11"
source = "registry+https://github.com/rust-lang/crates.io-index"
checksum = "49f1f14873335454500d59611f1cf4a4b0f786f9ac11f4312a78e4cf2566695b"

[[package]]
name = "my-app"
version = "0.1.0"
dependencies = [
 "internal-helpers",
 "serde",
 "serde_json",
]

[[package]]
name = "serde"
version = "1.0.210"
source = "registry+https://github.com/rust-lang/crates.io-index"
checksum = "c8e3592472072e6e22e0a54d5904d9e0ee6d23b7d8d15b802a2d4b2b8ed7ea3d"
dependencies = [
 "serde_derive",
]

[[package]]
name = "serde_json"
version = "1.0.128"
source = "registry+https://github.com/rust-lang/crates.io-index"
checksum = "6ff5456707a1de34e7e37f2a6fd3d3f808c318259cbd01ab6377795054b483d8"
dependencies = [
 "itoa",
 "ryu",
 "serde",
]
