# This file is generated by running "yarn install" inside your project.
# Manual changes might be lost - proceed with caution!

__metadata:
  version: 8
  cacheKey: 10c0

"@types/node@npm:^22.5.0":
  version: 22.5.0
  resolution: "@types/node@npm:22.5.0"
  dependencies:
    undici-types: "npm:~6.19.2"
  checksum: 10c0/6b3e3b3b3f0d2b1f4c5a6d7e8f9a0b1c2d3e4f5a6b7c8d9e0f1a2b3c4d5e6f70
  languageName: node
  linkType: hard

"left-pad@npm:^1.3.0":
  version: 1.3.0
  resolution: "left-pad@npm:1.3.0"
  checksum: 10c0/1c2d3e4f5a6b7c8d9e0f1a2b3c4d5e6f708192a3b4c5d6e7f8091a2b3c4d5e6f
  languageName: node
  linkType: hard

"lodash@patch:lodash@npm%3A4.17.21#~/.yarn/patches/lodash-npm-4.17.21-6382451519.patch":
  version: 4.17.21
  resolution: "lodash@patch:lodash@npm%3A4.17.21#~/.yarn/patches/lodash-npm-4.17.21-6382451519.patch::version=4.17.21&hash=2f8a5c"
  checksum: 10c0/9e0f1a2b3c4d5e6f708192a3b4c5d6e7f8091a2b3c4d5e6f708192a3b4c5d6e7
  languageName: node
  linkType: hard

"my-app@workspace:.":
  version: 0.0.0-use.local
  resolution: "my-app@workspace:."
  dependencies:
    "@types/node": "npm:^22.5.0"
    left-pad: "npm:^1.3.0"
  languageName: unknown
  linkType: soft

"undici-types@npm:6.19.8":
  version: 6.19.8
  resolution: "undici-types@npm:6.19.8"
  checksum: 10c0/078192a2b3c4d5e6f708192a3b4c5d6e7f8091a2b3c4d5e6f708192a3b4c5d6e
  languageName: node
  linkType: hard
